// !$*UTF8*$!
{
	archiveVersion = 1;
	classes = {
	};
	objectVersion = 50;
	objects = {

/* Begin PBXBuildFile section */
		17C61E4CD315AA2E047CDA7E /* Pods_Crossroad.framework in Frameworks */ = {isa = PBXBuildFile; fileRef = 259F7B6F5E8E61868BE9E5E6 /* Pods_Crossroad.framework */; };
		CB5FBC8E214BEE2400642A7C /* AppDelegate.swift in Sources */ = {isa = PBXBuildFile; fileRef = CB5FBC8D214BEE2400642A7C /* AppDelegate.swift */; };
		CB5FBC95214BEE2400642A7C /* Assets.xcassets in Resources */ = {isa = PBXBuildFile; fileRef = CB5FBC94214BEE2400642A7C /* Assets.xcassets */; };
		CB5FBC98214BEE2400642A7C /* LaunchScreen.storyboard in Resources */ = {isa = PBXBuildFile; fileRef = CB5FBC96214BEE2400642A7C /* LaunchScreen.storyboard */; };
		CB5FBCA4214C572800642A7C /* SearchViewController.swift in Sources */ = {isa = PBXBuildFile; fileRef = CB5FBCA3214C572800642A7C /* SearchViewController.swift */; };
		CB5FBCA6214C58EC00642A7C /* SearchViewViewModel.swift in Sources */ = {isa = PBXBuildFile; fileRef = CB5FBCA5214C58EC00642A7C /* SearchViewViewModel.swift */; };
		CB5FBCA9214C593500642A7C /* Profile.swift in Sources */ = {isa = PBXBuildFile; fileRef = CB5FBCA8214C593500642A7C /* Profile.swift */; };
		CB5FBCAB214C5B2F00642A7C /* SearchCollectionViewCell.swift in Sources */ = {isa = PBXBuildFile; fileRef = CB5FBCAA214C5B2F00642A7C /* SearchCollectionViewCell.swift */; };
/* End PBXBuildFile section */

/* Begin PBXFileReference section */
		0528B12572A0011D01609AEE /* Pods-Crossroad.debug.xcconfig */ = {isa = PBXFileReference; includeInIndex = 1; lastKnownFileType = text.xcconfig; name = "Pods-Crossroad.debug.xcconfig"; path = "Pods/Target Support Files/Pods-Crossroad/Pods-Crossroad.debug.xcconfig"; sourceTree = "<group>"; };
		259F7B6F5E8E61868BE9E5E6 /* Pods_Crossroad.framework */ = {isa = PBXFileReference; explicitFileType = wrapper.framework; includeInIndex = 0; path = Pods_Crossroad.framework; sourceTree = BUILT_PRODUCTS_DIR; };
		CB5FBC8A214BEE2400642A7C /* Crossroad.app */ = {isa = PBXFileReference; explicitFileType = wrapper.application; includeInIndex = 0; path = Crossroad.app; sourceTree = BUILT_PRODUCTS_DIR; };
		CB5FBC8D214BEE2400642A7C /* AppDelegate.swift */ = {isa = PBXFileReference; lastKnownFileType = sourcecode.swift; path = AppDelegate.swift; sourceTree = "<group>"; };
		CB5FBC94214BEE2400642A7C /* Assets.xcassets */ = {isa = PBXFileReference; lastKnownFileType = folder.assetcatalog; path = Assets.xcassets; sourceTree = "<group>"; };
		CB5FBC97214BEE2400642A7C /* Base */ = {isa = PBXFileReference; lastKnownFileType = file.storyboard; name = Base; path = Base.lproj/LaunchScreen.storyboard; sourceTree = "<group>"; };
		CB5FBC99214BEE2400642A7C /* Info.plist */ = {isa = PBXFileReference; lastKnownFileType = text.plist.xml; path = Info.plist; sourceTree = "<group>"; };
		CB5FBCA3214C572800642A7C /* SearchViewController.swift */ = {isa = PBXFileReference; lastKnownFileType = sourcecode.swift; path = SearchViewController.swift; sourceTree = "<group>"; };
		CB5FBCA5214C58EC00642A7C /* SearchViewViewModel.swift */ = {isa = PBXFileReference; lastKnownFileType = sourcecode.swift; path = SearchViewViewModel.swift; sourceTree = "<group>"; };
		CB5FBCA8214C593500642A7C /* Profile.swift */ = {isa = PBXFileReference; lastKnownFileType = sourcecode.swift; path = Profile.swift; sourceTree = "<group>"; };
		CB5FBCAA214C5B2F00642A7C /* SearchCollectionViewCell.swift */ = {isa = PBXFileReference; lastKnownFileType = sourcecode.swift; path = SearchCollectionViewCell.swift; sourceTree = "<group>"; };
		F8FED3222D3CC0ED1CA1762B /* Pods-Crossroad.release.xcconfig */ = {isa = PBXFileReference; includeInIndex = 1; lastKnownFileType = text.xcconfig; name = "Pods-Crossroad.release.xcconfig"; path = "Pods/Target Support Files/Pods-Crossroad/Pods-Crossroad.release.xcconfig"; sourceTree = "<group>"; };
/* End PBXFileReference section */

/* Begin PBXFrameworksBuildPhase section */
		CB5FBC87214BEE2400642A7C /* Frameworks */ = {
			isa = PBXFrameworksBuildPhase;
			buildActionMask = 2147483647;
			files = (
				17C61E4CD315AA2E047CDA7E /* Pods_Crossroad.framework in Frameworks */,
			);
			runOnlyForDeploymentPostprocessing = 0;
		};
/* End PBXFrameworksBuildPhase section */

/* Begin PBXGroup section */
		9A1B5309C7D36B6E1A01941D /* Frameworks */ = {
			isa = PBXGroup;
			children = (
				259F7B6F5E8E61868BE9E5E6 /* Pods_Crossroad.framework */,
			);
			name = Frameworks;
			sourceTree = "<group>";
		};
		CB5FBC81214BEE2400642A7C = {
			isa = PBXGroup;
			children = (
				CB5FBC8C214BEE2400642A7C /* Crossroad */,
				CB5FBC8B214BEE2400642A7C /* Products */,
				E706D09161D7253E9382D79C /* Pods */,
				9A1B5309C7D36B6E1A01941D /* Frameworks */,
			);
			sourceTree = "<group>";
		};
		CB5FBC8B214BEE2400642A7C /* Products */ = {
			isa = PBXGroup;
			children = (
				CB5FBC8A214BEE2400642A7C /* Crossroad.app */,
			);
			name = Products;
			sourceTree = "<group>";
		};
		CB5FBC8C214BEE2400642A7C /* Crossroad */ = {
			isa = PBXGroup;
			children = (
				CB5FBC8D214BEE2400642A7C /* AppDelegate.swift */,
				CB5FBCA7214C591900642A7C /* Protocols */,
				CB5FBCA1214C56C800642A7C /* ViewModels */,
				CB5FBCA0214C56BF00642A7C /* Models */,
				CB5FBC9F214C56A700642A7C /* ViewControllers */,
				CB5FBC94214BEE2400642A7C /* Assets.xcassets */,
				CB5FBC96214BEE2400642A7C /* LaunchScreen.storyboard */,
				CB5FBC99214BEE2400642A7C /* Info.plist */,
			);
			path = Crossroad;
			sourceTree = "<group>";
		};
		CB5FBC9F214C56A700642A7C /* ViewControllers */ = {
			isa = PBXGroup;
			children = (
				CB5FBCA2214C56FF00642A7C /* SearchViewController */,
			);
			path = ViewControllers;
			sourceTree = "<group>";
		};
		CB5FBCA0214C56BF00642A7C /* Models */ = {
			isa = PBXGroup;
			children = (
				CB5FBCA8214C593500642A7C /* Profile.swift */,
			);
			path = Models;
			sourceTree = "<group>";
		};
		CB5FBCA1214C56C800642A7C /* ViewModels */ = {
			isa = PBXGroup;
			children = (
				CB5FBCA5214C58EC00642A7C /* SearchViewViewModel.swift */,
			);
			path = ViewModels;
			sourceTree = "<group>";
		};
		CB5FBCA2214C56FF00642A7C /* SearchViewController */ = {
			isa = PBXGroup;
			children = (
				CB5FBCA3214C572800642A7C /* SearchViewController.swift */,
				CB5FBCAA214C5B2F00642A7C /* SearchCollectionViewCell.swift */,
			);
			path = SearchViewController;
			sourceTree = "<group>";
		};
		CB5FBCA7214C591900642A7C /* Protocols */ = {
			isa = PBXGroup;
			children = (
			);
			path = Protocols;
			sourceTree = "<group>";
		};
		E706D09161D7253E9382D79C /* Pods */ = {
			isa = PBXGroup;
			children = (
				0528B12572A0011D01609AEE /* Pods-Crossroad.debug.xcconfig */,
				F8FED3222D3CC0ED1CA1762B /* Pods-Crossroad.release.xcconfig */,
			);
			name = Pods;
			sourceTree = "<group>";
		};
/* End PBXGroup section */

/* Begin PBXNativeTarget section */
		CB5FBC89214BEE2400642A7C /* Crossroad */ = {
			isa = PBXNativeTarget;
			buildConfigurationList = CB5FBC9C214BEE2500642A7C /* Build configuration list for PBXNativeTarget "Crossroad" */;
			buildPhases = (
				07DF295C69905FDB83D71740 /* [CP] Check Pods Manifest.lock */,
				CB5FBC86214BEE2400642A7C /* Sources */,
				CB5FBC87214BEE2400642A7C /* Frameworks */,
				CB5FBC88214BEE2400642A7C /* Resources */,
				DA3F54B49F06B5B2A827D1DB /* [CP] Embed Pods Frameworks */,
			);
			buildRules = (
			);
			dependencies = (
			);
			name = Crossroad;
			productName = Crossroad;
			productReference = CB5FBC8A214BEE2400642A7C /* Crossroad.app */;
			productType = "com.apple.product-type.application";
		};
/* End PBXNativeTarget section */

/* Begin PBXProject section */
		CB5FBC82214BEE2400642A7C /* Project object */ = {
			isa = PBXProject;
			attributes = {
				LastSwiftUpdateCheck = 0940;
				LastUpgradeCheck = 0940;
				ORGANIZATIONNAME = Juri;
				TargetAttributes = {
					CB5FBC89214BEE2400642A7C = {
						CreatedOnToolsVersion = 9.4.1;
					};
				};
			};
			buildConfigurationList = CB5FBC85214BEE2400642A7C /* Build configuration list for PBXProject "Crossroad" */;
			compatibilityVersion = "Xcode 9.3";
			developmentRegion = en;
			hasScannedForEncodings = 0;
			knownRegions = (
				en,
				Base,
			);
			mainGroup = CB5FBC81214BEE2400642A7C;
			productRefGroup = CB5FBC8B214BEE2400642A7C /* Products */;
			projectDirPath = "";
			projectRoot = "";
			targets = (
				CB5FBC89214BEE2400642A7C /* Crossroad */,
			);
		};
/* End PBXProject section */

/* Begin PBXResourcesBuildPhase section */
		CB5FBC88214BEE2400642A7C /* Resources */ = {
			isa = PBXResourcesBuildPhase;
			buildActionMask = 2147483647;
			files = (
				CB5FBC98214BEE2400642A7C /* LaunchScreen.storyboard in Resources */,
				CB5FBC95214BEE2400642A7C /* Assets.xcassets in Resources */,
			);
			runOnlyForDeploymentPostprocessing = 0;
		};
/* End PBXResourcesBuildPhase section */

/* Begin PBXShellScriptBuildPhase section */
		07DF295C69905FDB83D71740 /* [CP] Check Pods Manifest.lock */ = {
			isa = PBXShellScriptBuildPhase;
			buildActionMask = 2147483647;
			files = (
			);
			inputPaths = (
				"${PODS_PODFILE_DIR_PATH}/Podfile.lock",
				"${PODS_ROOT}/Manifest.lock",
			);
			name = "[CP] Check Pods Manifest.lock";
			outputPaths = (
				"$(DERIVED_FILE_DIR)/Pods-Crossroad-checkManifestLockResult.txt",
			);
			runOnlyForDeploymentPostprocessing = 0;
			shellPath = /bin/sh;
			shellScript = "diff \"${PODS_PODFILE_DIR_PATH}/Podfile.lock\" \"${PODS_ROOT}/Manifest.lock\" > /dev/null\nif [ $? != 0 ] ; then\n    # print error to STDERR\n    echo \"error: The sandbox is not in sync with the Podfile.lock. Run 'pod install' or update your CocoaPods installation.\" >&2\n    exit 1\nfi\n# This output is used by Xcode 'outputs' to avoid re-running this script phase.\necho \"SUCCESS\" > \"${SCRIPT_OUTPUT_FILE_0}\"\n";
			showEnvVarsInLog = 0;
		};
		DA3F54B49F06B5B2A827D1DB /* [CP] Embed Pods Frameworks */ = {
			isa = PBXShellScriptBuildPhase;
			buildActionMask = 2147483647;
			files = (
			);
			inputPaths = (
				"${SRCROOT}/Pods/Target Support Files/Pods-Crossroad/Pods-Crossroad-frameworks.sh",
				"${BUILT_PRODUCTS_DIR}/EasyPeasy/EasyPeasy.framework",
			);
			name = "[CP] Embed Pods Frameworks";
			outputPaths = (
				"${TARGET_BUILD_DIR}/${FRAMEWORKS_FOLDER_PATH}/EasyPeasy.framework",
			);
			runOnlyForDeploymentPostprocessing = 0;
			shellPath = /bin/sh;
			shellScript = "\"${SRCROOT}/Pods/Target Support Files/Pods-Crossroad/Pods-Crossroad-frameworks.sh\"\n";
			showEnvVarsInLog = 0;
		};
/* End PBXShellScriptBuildPhase section */

/* Begin PBXSourcesBuildPhase section */
		CB5FBC86214BEE2400642A7C /* Sources */ = {
			isa = PBXSourcesBuildPhase;
			buildActionMask = 2147483647;
			files = (
				CB5FBCA4214C572800642A7C /* SearchViewController.swift in Sources */,
				CB5FBCA9214C593500642A7C /* Profile.swift in Sources */,
				CB5FBC8E214BEE2400642A7C /* AppDelegate.swift in Sources */,
				CB5FBCA6214C58EC00642A7C /* SearchViewViewModel.swift in Sources */,
				CB5FBCAB214C5B2F00642A7C /* SearchCollectionViewCell.swift in Sources */,
			);
			runOnlyForDeploymentPostprocessing = 0;
		};
/* End PBXSourcesBuildPhase section */

/* Begin PBXVariantGroup section */
		CB5FBC96214BEE2400642A7C /* LaunchScreen.storyboard */ = {
			isa = PBXVariantGroup;
			children = (
				CB5FBC97214BEE2400642A7C /* Base */,
			);
			name = LaunchScreen.storyboard;
			sourceTree = "<group>";
		};
/* End PBXVariantGroup section */

/* Begin XCBuildConfiguration section */
		CB5FBC9A214BEE2500642A7C /* Debug */ = {
			isa = XCBuildConfiguration;
			buildSettings = {
				ALWAYS_SEARCH_USER_PATHS = NO;
				CLANG_ANALYZER_NONNULL = YES;
				CLANG_ANALYZER_NUMBER_OBJECT_CONVERSION = YES_AGGRESSIVE;
				CLANG_CXX_LANGUAGE_STANDARD = "gnu++14";
				CLANG_CXX_LIBRARY = "libc++";
				CLANG_ENABLE_MODULES = YES;
				CLANG_ENABLE_OBJC_ARC = YES;
				CLANG_ENABLE_OBJC_WEAK = YES;
				CLANG_WARN_BLOCK_CAPTURE_AUTORELEASING = YES;
				CLANG_WARN_BOOL_CONVERSION = YES;
				CLANG_WARN_COMMA = YES;
				CLANG_WARN_CONSTANT_CONVERSION = YES;
				CLANG_WARN_DEPRECATED_OBJC_IMPLEMENTATIONS = YES;
				CLANG_WARN_DIRECT_OBJC_ISA_USAGE = YES_ERROR;
				CLANG_WARN_DOCUMENTATION_COMMENTS = YES;
				CLANG_WARN_EMPTY_BODY = YES;
				CLANG_WARN_ENUM_CONVERSION = YES;
				CLANG_WARN_INFINITE_RECURSION = YES;
				CLANG_WARN_INT_CONVERSION = YES;
				CLANG_WARN_NON_LITERAL_NULL_CONVERSION = YES;
				CLANG_WARN_OBJC_IMPLICIT_RETAIN_SELF = YES;
				CLANG_WARN_OBJC_LITERAL_CONVERSION = YES;
				CLANG_WARN_OBJC_ROOT_CLASS = YES_ERROR;
				CLANG_WARN_RANGE_LOOP_ANALYSIS = YES;
				CLANG_WARN_STRICT_PROTOTYPES = YES;
				CLANG_WARN_SUSPICIOUS_MOVE = YES;
				CLANG_WARN_UNGUARDED_AVAILABILITY = YES_AGGRESSIVE;
				CLANG_WARN_UNREACHABLE_CODE = YES;
				CLANG_WARN__DUPLICATE_METHOD_MATCH = YES;
				CODE_SIGN_IDENTITY = "iPhone Developer";
				COPY_PHASE_STRIP = NO;
				DEBUG_INFORMATION_FORMAT = dwarf;
				ENABLE_STRICT_OBJC_MSGSEND = YES;
				ENABLE_TESTABILITY = YES;
				GCC_C_LANGUAGE_STANDARD = gnu11;
				GCC_DYNAMIC_NO_PIC = NO;
				GCC_NO_COMMON_BLOCKS = YES;
				GCC_OPTIMIZATION_LEVEL = 0;
				GCC_PREPROCESSOR_DEFINITIONS = (
					"DEBUG=1",
					"$(inherited)",
				);
				GCC_WARN_64_TO_32_BIT_CONVERSION = YES;
				GCC_WARN_ABOUT_RETURN_TYPE = YES_ERROR;
				GCC_WARN_UNDECLARED_SELECTOR = YES;
				GCC_WARN_UNINITIALIZED_AUTOS = YES_AGGRESSIVE;
				GCC_WARN_UNUSED_FUNCTION = YES;
				GCC_WARN_UNUSED_VARIABLE = YES;
				IPHONEOS_DEPLOYMENT_TARGET = 11.4;
				MTL_ENABLE_DEBUG_INFO = YES;
				ONLY_ACTIVE_ARCH = YES;
				SDKROOT = iphoneos;
				SWIFT_ACTIVE_COMPILATION_CONDITIONS = DEBUG;
				SWIFT_OPTIMIZATION_LEVEL = "-Onone";
			};
			name = Debug;
		};
		CB5FBC9B214BEE2500642A7C /* Release */ = {
			isa = XCBuildConfiguration;
			buildSettings = {
				ALWAYS_SEARCH_USER_PATHS = NO;
				CLANG_ANALYZER_NONNULL = YES;
				CLANG_ANALYZER_NUMBER_OBJECT_CONVERSION = YES_AGGRESSIVE;
				CLANG_CXX_LANGUAGE_STANDARD = "gnu++14";
				CLANG_CXX_LIBRARY = "libc++";
				CLANG_ENABLE_MODULES = YES;
				CLANG_ENABLE_OBJC_ARC = YES;
				CLANG_ENABLE_OBJC_WEAK = YES;
				CLANG_WARN_BLOCK_CAPTURE_AUTORELEASING = YES;
				CLANG_WARN_BOOL_CONVERSION = YES;
				CLANG_WARN_COMMA = YES;
				CLANG_WARN_CONSTANT_CONVERSION = YES;
				CLANG_WARN_DEPRECATED_OBJC_IMPLEMENTATIONS = YES;
				CLANG_WARN_DIRECT_OBJC_ISA_USAGE = YES_ERROR;
				CLANG_WARN_DOCUMENTATION_COMMENTS = YES;
				CLANG_WARN_EMPTY_BODY = YES;
				CLANG_WARN_ENUM_CONVERSION = YES;
				CLANG_WARN_INFINITE_RECURSION = YES;
				CLANG_WARN_INT_CONVERSION = YES;
				CLANG_WARN_NON_LITERAL_NULL_CONVERSION = YES;
				CLANG_WARN_OBJC_IMPLICIT_RETAIN_SELF = YES;
				CLANG_WARN_OBJC_LITERAL_CONVERSION = YES;
				CLANG_WARN_OBJC_ROOT_CLASS = YES_ERROR;
				CLANG_WARN_RANGE_LOOP_ANALYSIS = YES;
				CLANG_WARN_STRICT_PROTOTYPES = YES;
				CLANG_WARN_SUSPICIOUS_MOVE = YES;
				CLANG_WARN_UNGUARDED_AVAILABILITY = YES_AGGRESSIVE;
				CLANG_WARN_UNREACHABLE_CODE = YES;
				CLANG_WARN__DUPLICATE_METHOD_MATCH = YES;
				CODE_SIGN_IDENTITY = "iPhone Developer";
				COPY_PHASE_STRIP = NO;
				DEBUG_INFORMATION_FORMAT = "dwarf-with-dsym";
				ENABLE_NS_ASSERTIONS = NO;
				ENABLE_STRICT_OBJC_MSGSEND = YES;
				GCC_C_LANGUAGE_STANDARD = gnu11;
				GCC_NO_COMMON_BLOCKS = YES;
				GCC_WARN_64_TO_32_BIT_CONVERSION = YES;
				GCC_WARN_ABOUT_RETURN_TYPE = YES_ERROR;
				GCC_WARN_UNDECLARED_SELECTOR = YES;
				GCC_WARN_UNINITIALIZED_AUTOS = YES_AGGRESSIVE;
				GCC_WARN_UNUSED_FUNCTION = YES;
				GCC_WARN_UNUSED_VARIABLE = YES;
				IPHONEOS_DEPLOYMENT_TARGET = 11.4;
				MTL_ENABLE_DEBUG_INFO = NO;
				SDKROOT = iphoneos;
				SWIFT_COMPILATION_MODE = wholemodule;
				SWIFT_OPTIMIZATION_LEVEL = "-O";
				VALIDATE_PRODUCT = YES;
			};
			name = Release;
		};
		CB5FBC9D214BEE2500642A7C /* Debug */ = {
			isa = XCBuildConfiguration;
			baseConfigurationReference = 0528B12572A0011D01609AEE /* Pods-Crossroad.debug.xcconfig */;
			buildSettings = {
				ASSETCATALOG_COMPILER_APPICON_NAME = AppIcon;
				CODE_SIGN_STYLE = Automatic;
				DEVELOPMENT_TEAM = YVBKHC7WU2;
				INFOPLIST_FILE = Crossroad/Info.plist;
				IPHONEOS_DEPLOYMENT_TARGET = 10.0;
				LD_RUNPATH_SEARCH_PATHS = (
					"$(inherited)",
					"@executable_path/Frameworks",
				);
				PRODUCT_BUNDLE_IDENTIFIER = co.uk.jbstudio.Crossroad;
				PRODUCT_NAME = "$(TARGET_NAME)";
				SWIFT_VERSION = 4.0;
				TARGETED_DEVICE_FAMILY = "1,2";
			};
			name = Debug;
		};
		CB5FBC9E214BEE2500642A7C /* Release */ = {
			isa = XCBuildConfiguration;
			baseConfigurationReference = F8FED3222D3CC0ED1CA1762B /* Pods-Crossroad.release.xcconfig */;
			buildSettings = {
				ASSETCATALOG_COMPILER_APPICON_NAME = AppIcon;
				CODE_SIGN_STYLE = Automatic;
				DEVELOPMENT_TEAM = YVBKHC7WU2;
				INFOPLIST_FILE = Crossroad/Info.plist;
				IPHONEOS_DEPLOYMENT_TARGET = 10.0;
				LD_RUNPATH_SEARCH_PATHS = (
					"$(inherited)",
					"@executable_path/Frameworks",
				);
				PRODUCT_BUNDLE_IDENTIFIER = co.uk.jbstudio.Crossroad;
				PRODUCT_NAME = "$(TARGET_NAME)";
				SWIFT_VERSION = 4.0;
				TARGETED_DEVICE_FAMILY = "1,2";
			};
			name = Release;
		};
/* End XCBuildConfiguration section */

/* Begin XCConfigurationList section */
		CB5FBC85214BEE2400642A7C /* Build configuration list for PBXProject "Crossroad" */ = {
			isa = XCConfigurationList;
			buildConfigurations = (
				CB5FBC9A214BEE2500642A7C /* Debug */,
				CB5FBC9B214BEE2500642A7C /* Release */,
			);
			defaultConfigurationIsVisible = 0;
			defaultConfigurationName = Release;
		};
		CB5FBC9C214BEE2500642A7C /* Build configuration list for PBXNativeTarget "Crossroad" */ = {
			isa = XCConfigurationList;
			buildConfigurations = (
				CB5FBC9D214BEE2500642A7C /* Debug */,
				CB5FBC9E214BEE2500642A7C /* Release */,
			);
			defaultConfigurationIsVisible = 0;
			defaultConfigurationName = Release;
		};
/* End XCConfigurationList section */
	};
	rootObject = CB5FBC82214BEE2400642A7C /* Project object */;
}
